
Microsoft Visual Studio Solution File, Format Version 12.00
# Visual Studio Version 17
VisualStudioVersion = 17.11.35312.102
MinimumVisualStudioVersion = 10.0.40219.1
Project("{FAE04EC0-301F-11D3-BF4B-00C04F79EFBC}") = "calculator", "calculator\calculator.csproj", "{EC501FB2-E966-487B-AFEB-90A7087073C1}"
EndProject
Global
	GlobalSection(SolutionConfigurationPlatforms) = preSolution
		Debug|Any CPU = Debug|Any CPU
		Release|Any CPU = Release|Any CPU
	EndGlobalSection
	GlobalSection(ProjectConfigurationPlatforms) = postSolution
		{EC501FB2-E966-487B-AFEB-90A7087073C1}.Debug|Any CPU.ActiveCfg = Debug|Any CPU
		{EC501FB2-E966-487B-AFEB-90A7087073C1}.Debug|Any CPU.Build.0 = Debug|Any CPU
		{EC501FB2-E966-487B-AFEB-90A7087073C1}.Release|Any CPU.ActiveCfg = Release|Any CPU
		{EC501FB2-E966-487B-AFEB-90A7087073C1}.Release|Any CPU.Build.0 = Release|Any CPU
	EndGlobalSection
	GlobalSection(SolutionProperties) = preSolution
		HideSolutionNode = FALSE
	EndGlobalSection
	GlobalSection(ExtensibilityGlobals) = postSolution
		SolutionGuid = {7F06DBE0-E397-4FE9-BD08-60D9779E6C33}
	EndGlobalSection
EndGlobal
